// !$*UTF8*$!
{
	archiveVersion = 1;
	classes = {
	};
	objectVersion = 56;
	objects = {

/* Begin PBXBuildFile section */
		EB1F5B382BD6A9DD00A4294A /* AppDelegate.swift in Sources */ = {isa = PBXBuildFile; fileRef = EB1F5B372BD6A9DD00A4294A /* AppDelegate.swift */; };
		EB1F5B3A2BD6A9DD00A4294A /* SceneDelegate.swift in Sources */ = {isa = PBXBuildFile; fileRef = EB1F5B392BD6A9DD00A4294A /* SceneDelegate.swift */; };
		EB1F5B3C2BD6A9DD00A4294A /* ViewController.swift in Sources */ = {isa = PBXBuildFile; fileRef = EB1F5B3B2BD6A9DD00A4294A /* ViewController.swift */; };
		EB1F5B3F2BD6A9DD00A4294A /* Base in Resources */ = {isa = PBXBuildFile; fileRef = EB1F5B3E2BD6A9DD00A4294A /* Base */; };
		EB1F5B412BD6A9DF00A4294A /* Assets.xcassets in Resources */ = {isa = PBXBuildFile; fileRef = EB1F5B402BD6A9DF00A4294A /* Assets.xcassets */; };
		EB1F5B442BD6A9DF00A4294A /* Base in Resources */ = {isa = PBXBuildFile; fileRef = EB1F5B432BD6A9DF00A4294A /* Base */; };
		EB1F5B522BD6BA1600A4294A /* UniformTypeIdentifiers.framework in Frameworks */ = {isa = PBXBuildFile; fileRef = EB1F5B512BD6BA1600A4294A /* UniformTypeIdentifiers.framework */; };
		EB1F5B552BD6BA1600A4294A /* Media.xcassets in Resources */ = {isa = PBXBuildFile; fileRef = EB1F5B542BD6BA1600A4294A /* Media.xcassets */; };
		EB1F5B572BD6BA1600A4294A /* ActionViewController.swift in Sources */ = {isa = PBXBuildFile; fileRef = EB1F5B562BD6BA1600A4294A /* ActionViewController.swift */; };
		EB1F5B5A2BD6BA1600A4294A /* Base in Resources */ = {isa = PBXBuildFile; fileRef = EB1F5B592BD6BA1600A4294A /* Base */; };
		EB1F5B5E2BD6BA1600A4294A /* Extension.appex in Embed Foundation Extensions */ = {isa = PBXBuildFile; fileRef = EB1F5B4F2BD6BA1600A4294A /* Extension.appex */; settings = {ATTRIBUTES = (RemoveHeadersOnCopy, ); }; };
		EB1F5B642BD6C95F00A4294A /* Action.js in Resources */ = {isa = PBXBuildFile; fileRef = EB1F5B632BD6C95F00A4294A /* Action.js */; };
		EB1F5B6A2BD940F700A4294A /* ScriptsTableViewController.swift in Sources */ = {isa = PBXBuildFile; fileRef = EB1F5B692BD940F700A4294A /* ScriptsTableViewController.swift */; };
		EB1F5B6C2BDA4FB700A4294A /* Script.swift in Sources */ = {isa = PBXBuildFile; fileRef = EB1F5B6B2BDA4FB700A4294A /* Script.swift */; };
		EB836D4A2BDBD8CE00F02407 /* DetailViewController.swift in Sources */ = {isa = PBXBuildFile; fileRef = EB836D492BDBD8CE00F02407 /* DetailViewController.swift */; };
/* End PBXBuildFile section */

/* Begin PBXContainerItemProxy section */
		EB1F5B5C2BD6BA1600A4294A /* PBXContainerItemProxy */ = {
			isa = PBXContainerItemProxy;
			containerPortal = EB1F5B2C2BD6A9DD00A4294A /* Project object */;
			proxyType = 1;
			remoteGlobalIDString = EB1F5B4E2BD6BA1600A4294A;
			remoteInfo = Extension;
		};
/* End PBXContainerItemProxy section */

/* Begin PBXCopyFilesBuildPhase section */
		EB1F5B622BD6BA1600A4294A /* Embed Foundation Extensions */ = {
			isa = PBXCopyFilesBuildPhase;
			buildActionMask = 2147483647;
			dstPath = "";
			dstSubfolderSpec = 13;
			files = (
				EB1F5B5E2BD6BA1600A4294A /* Extension.appex in Embed Foundation Extensions */,
			);
			name = "Embed Foundation Extensions";
			runOnlyForDeploymentPostprocessing = 0;
		};
/* End PBXCopyFilesBuildPhase section */

/* Begin PBXFileReference section */
		EB1F5B342BD6A9DD00A4294A /* Project19.app */ = {isa = PBXFileReference; explicitFileType = wrapper.application; includeInIndex = 0; path = Project19.app; sourceTree = BUILT_PRODUCTS_DIR; };
		EB1F5B372BD6A9DD00A4294A /* AppDelegate.swift */ = {isa = PBXFileReference; lastKnownFileType = sourcecode.swift; path = AppDelegate.swift; sourceTree = "<group>"; };
		EB1F5B392BD6A9DD00A4294A /* SceneDelegate.swift */ = {isa = PBXFileReference; lastKnownFileType = sourcecode.swift; path = SceneDelegate.swift; sourceTree = "<group>"; };
		EB1F5B3B2BD6A9DD00A4294A /* ViewController.swift */ = {isa = PBXFileReference; lastKnownFileType = sourcecode.swift; path = ViewController.swift; sourceTree = "<group>"; };
		EB1F5B3E2BD6A9DD00A4294A /* Base */ = {isa = PBXFileReference; lastKnownFileType = file.storyboard; name = Base; path = Base.lproj/Main.storyboard; sourceTree = "<group>"; };
		EB1F5B402BD6A9DF00A4294A /* Assets.xcassets */ = {isa = PBXFileReference; lastKnownFileType = folder.assetcatalog; path = Assets.xcassets; sourceTree = "<group>"; };
		EB1F5B432BD6A9DF00A4294A /* Base */ = {isa = PBXFileReference; lastKnownFileType = file.storyboard; name = Base; path = Base.lproj/LaunchScreen.storyboard; sourceTree = "<group>"; };
		EB1F5B452BD6A9DF00A4294A /* Info.plist */ = {isa = PBXFileReference; lastKnownFileType = text.plist.xml; path = Info.plist; sourceTree = "<group>"; };
		EB1F5B4F2BD6BA1600A4294A /* Extension.appex */ = {isa = PBXFileReference; explicitFileType = "wrapper.app-extension"; includeInIndex = 0; path = Extension.appex; sourceTree = BUILT_PRODUCTS_DIR; };
		EB1F5B512BD6BA1600A4294A /* UniformTypeIdentifiers.framework */ = {isa = PBXFileReference; lastKnownFileType = wrapper.framework; name = UniformTypeIdentifiers.framework; path = System/Library/Frameworks/UniformTypeIdentifiers.framework; sourceTree = SDKROOT; };
		EB1F5B542BD6BA1600A4294A /* Media.xcassets */ = {isa = PBXFileReference; lastKnownFileType = folder.assetcatalog; path = Media.xcassets; sourceTree = "<group>"; };
		EB1F5B562BD6BA1600A4294A /* ActionViewController.swift */ = {isa = PBXFileReference; lastKnownFileType = sourcecode.swift; path = ActionViewController.swift; sourceTree = "<group>"; };
		EB1F5B592BD6BA1600A4294A /* Base */ = {isa = PBXFileReference; lastKnownFileType = file.storyboard; name = Base; path = Base.lproj/MainInterface.storyboard; sourceTree = "<group>"; };
		EB1F5B5B2BD6BA1600A4294A /* Info.plist */ = {isa = PBXFileReference; lastKnownFileType = text.plist.xml; path = Info.plist; sourceTree = "<group>"; };
		EB1F5B632BD6C95F00A4294A /* Action.js */ = {isa = PBXFileReference; lastKnownFileType = sourcecode.javascript; path = Action.js; sourceTree = "<group>"; };
		EB1F5B692BD940F700A4294A /* ScriptsTableViewController.swift */ = {isa = PBXFileReference; lastKnownFileType = sourcecode.swift; path = ScriptsTableViewController.swift; sourceTree = "<group>"; };
		EB1F5B6B2BDA4FB700A4294A /* Script.swift */ = {isa = PBXFileReference; lastKnownFileType = sourcecode.swift; path = Script.swift; sourceTree = "<group>"; };
		EB836D492BDBD8CE00F02407 /* DetailViewController.swift */ = {isa = PBXFileReference; lastKnownFileType = sourcecode.swift; path = DetailViewController.swift; sourceTree = "<group>"; };
/* End PBXFileReference section */

/* Begin PBXFrameworksBuildPhase section */
		EB1F5B312BD6A9DD00A4294A /* Frameworks */ = {
			isa = PBXFrameworksBuildPhase;
			buildActionMask = 2147483647;
			files = (
			);
			runOnlyForDeploymentPostprocessing = 0;
		};
		EB1F5B4C2BD6BA1600A4294A /* Frameworks */ = {
			isa = PBXFrameworksBuildPhase;
			buildActionMask = 2147483647;
			files = (
				EB1F5B522BD6BA1600A4294A /* UniformTypeIdentifiers.framework in Frameworks */,
			);
			runOnlyForDeploymentPostprocessing = 0;
		};
/* End PBXFrameworksBuildPhase section */

/* Begin PBXGroup section */
		EB1F5B2B2BD6A9DD00A4294A = {
			isa = PBXGroup;
			children = (
				EB1F5B362BD6A9DD00A4294A /* Project19 */,
				EB1F5B532BD6BA1600A4294A /* Extension */,
				EB1F5B502BD6BA1600A4294A /* Frameworks */,
				EB1F5B352BD6A9DD00A4294A /* Products */,
			);
			sourceTree = "<group>";
		};
		EB1F5B352BD6A9DD00A4294A /* Products */ = {
			isa = PBXGroup;
			children = (
				EB1F5B342BD6A9DD00A4294A /* Project19.app */,
				EB1F5B4F2BD6BA1600A4294A /* Extension.appex */,
			);
			name = Products;
			sourceTree = "<group>";
		};
		EB1F5B362BD6A9DD00A4294A /* Project19 */ = {
			isa = PBXGroup;
			children = (
				EB1F5B372BD6A9DD00A4294A /* AppDelegate.swift */,
				EB1F5B392BD6A9DD00A4294A /* SceneDelegate.swift */,
				EB1F5B3B2BD6A9DD00A4294A /* ViewController.swift */,
				EB1F5B3D2BD6A9DD00A4294A /* Main.storyboard */,
				EB1F5B402BD6A9DF00A4294A /* Assets.xcassets */,
				EB1F5B422BD6A9DF00A4294A /* LaunchScreen.storyboard */,
				EB1F5B452BD6A9DF00A4294A /* Info.plist */,
			);
			path = Project19;
			sourceTree = "<group>";
		};
		EB1F5B502BD6BA1600A4294A /* Frameworks */ = {
			isa = PBXGroup;
			children = (
				EB1F5B512BD6BA1600A4294A /* UniformTypeIdentifiers.framework */,
			);
			name = Frameworks;
			sourceTree = "<group>";
		};
		EB1F5B532BD6BA1600A4294A /* Extension */ = {
			isa = PBXGroup;
			children = (
				EB1F5B542BD6BA1600A4294A /* Media.xcassets */,
				EB1F5B562BD6BA1600A4294A /* ActionViewController.swift */,
				EB1F5B692BD940F700A4294A /* ScriptsTableViewController.swift */,
				EB1F5B6B2BDA4FB700A4294A /* Script.swift */,
				EB1F5B582BD6BA1600A4294A /* MainInterface.storyboard */,
				EB836D492BDBD8CE00F02407 /* DetailViewController.swift */,
				EB1F5B5B2BD6BA1600A4294A /* Info.plist */,
				EB1F5B632BD6C95F00A4294A /* Action.js */,
			);
			path = Extension;
			sourceTree = "<group>";
		};
/* End PBXGroup section */

/* Begin PBXNativeTarget section */
		EB1F5B332BD6A9DD00A4294A /* Project19 */ = {
			isa = PBXNativeTarget;
			buildConfigurationList = EB1F5B482BD6A9DF00A4294A /* Build configuration list for PBXNativeTarget "Project19" */;
			buildPhases = (
				EB1F5B302BD6A9DD00A4294A /* Sources */,
				EB1F5B312BD6A9DD00A4294A /* Frameworks */,
				EB1F5B322BD6A9DD00A4294A /* Resources */,
				EB1F5B622BD6BA1600A4294A /* Embed Foundation Extensions */,
			);
			buildRules = (
			);
			dependencies = (
				EB1F5B5D2BD6BA1600A4294A /* PBXTargetDependency */,
			);
			name = Project19;
			productName = Project19;
			productReference = EB1F5B342BD6A9DD00A4294A /* Project19.app */;
			productType = "com.apple.product-type.application";
		};
		EB1F5B4E2BD6BA1600A4294A /* Extension */ = {
			isa = PBXNativeTarget;
			buildConfigurationList = EB1F5B5F2BD6BA1600A4294A /* Build configuration list for PBXNativeTarget "Extension" */;
			buildPhases = (
				EB1F5B4B2BD6BA1600A4294A /* Sources */,
				EB1F5B4C2BD6BA1600A4294A /* Frameworks */,
				EB1F5B4D2BD6BA1600A4294A /* Resources */,
			);
			buildRules = (
			);
			dependencies = (
			);
			name = Extension;
			productName = Extension;
			productReference = EB1F5B4F2BD6BA1600A4294A /* Extension.appex */;
			productType = "com.apple.product-type.app-extension";
		};
/* End PBXNativeTarget section */

/* Begin PBXProject section */
		EB1F5B2C2BD6A9DD00A4294A /* Project object */ = {
			isa = PBXProject;
			attributes = {
				BuildIndependentTargetsInParallel = 1;
				LastSwiftUpdateCheck = 1530;
				LastUpgradeCheck = 1530;
				TargetAttributes = {
					EB1F5B332BD6A9DD00A4294A = {
						CreatedOnToolsVersion = 15.3;
					};
					EB1F5B4E2BD6BA1600A4294A = {
						CreatedOnToolsVersion = 15.3;
					};
				};
			};
			buildConfigurationList = EB1F5B2F2BD6A9DD00A4294A /* Build configuration list for PBXProject "Project19" */;
			compatibilityVersion = "Xcode 14.0";
			developmentRegion = en;
			hasScannedForEncodings = 0;
			knownRegions = (
				en,
				Base,
			);
			mainGroup = EB1F5B2B2BD6A9DD00A4294A;
			productRefGroup = EB1F5B352BD6A9DD00A4294A /* Products */;
			projectDirPath = "";
			projectRoot = "";
			targets = (
				EB1F5B332BD6A9DD00A4294A /* Project19 */,
				EB1F5B4E2BD6BA1600A4294A /* Extension */,
			);
		};
/* End PBXProject section */

/* Begin PBXResourcesBuildPhase section */
		EB1F5B322BD6A9DD00A4294A /* Resources */ = {
			isa = PBXResourcesBuildPhase;
			buildActionMask = 2147483647;
			files = (
				EB1F5B412BD6A9DF00A4294A /* Assets.xcassets in Resources */,
				EB1F5B442BD6A9DF00A4294A /* Base in Resources */,
				EB1F5B3F2BD6A9DD00A4294A /* Base in Resources */,
			);
			runOnlyForDeploymentPostprocessing = 0;
		};
		EB1F5B4D2BD6BA1600A4294A /* Resources */ = {
			isa = PBXResourcesBuildPhase;
			buildActionMask = 2147483647;
			files = (
				EB1F5B642BD6C95F00A4294A /* Action.js in Resources */,
				EB1F5B552BD6BA1600A4294A /* Media.xcassets in Resources */,
				EB1F5B5A2BD6BA1600A4294A /* Base in Resources */,
			);
			runOnlyForDeploymentPostprocessing = 0;
		};
/* End PBXResourcesBuildPhase section */

/* Begin PBXSourcesBuildPhase section */
		EB1F5B302BD6A9DD00A4294A /* Sources */ = {
			isa = PBXSourcesBuildPhase;
			buildActionMask = 2147483647;
			files = (
				EB1F5B3C2BD6A9DD00A4294A /* ViewController.swift in Sources */,
				EB1F5B382BD6A9DD00A4294A /* AppDelegate.swift in Sources */,
				EB1F5B3A2BD6A9DD00A4294A /* SceneDelegate.swift in Sources */,
			);
			runOnlyForDeploymentPostprocessing = 0;
		};
		EB1F5B4B2BD6BA1600A4294A /* Sources */ = {
			isa = PBXSourcesBuildPhase;
			buildActionMask = 2147483647;
			files = (
				EB1F5B6A2BD940F700A4294A /* ScriptsTableViewController.swift in Sources */,
				EB1F5B6C2BDA4FB700A4294A /* Script.swift in Sources */,
				EB1F5B572BD6BA1600A4294A /* ActionViewController.swift in Sources */,
				EB836D4A2BDBD8CE00F02407 /* DetailViewController.swift in Sources */,
			);
			runOnlyForDeploymentPostprocessing = 0;
		};
/* End PBXSourcesBuildPhase section */

/* Begin PBXTargetDependency section */
		EB1F5B5D2BD6BA1600A4294A /* PBXTargetDependency */ = {
			isa = PBXTargetDependency;
			target = EB1F5B4E2BD6BA1600A4294A /* Extension */;
			targetProxy = EB1F5B5C2BD6BA1600A4294A /* PBXContainerItemProxy */;
		};
/* End PBXTargetDependency section */

/* Begin PBXVariantGroup section */
		EB1F5B3D2BD6A9DD00A4294A /* Main.storyboard */ = {
			isa = PBXVariantGroup;
			children = (
				EB1F5B3E2BD6A9DD00A4294A /* Base */,
			);
			name = Main.storyboard;
			sourceTree = "<group>";
		};
		EB1F5B422BD6A9DF00A4294A /* LaunchScreen.storyboard */ = {
			isa = PBXVariantGroup;
			children = (
				EB1F5B432BD6A9DF00A4294A /* Base */,
			);
			name = LaunchScreen.storyboard;
			sourceTree = "<group>";
		};
		EB1F5B582BD6BA1600A4294A /* MainInterface.storyboard */ = {
			isa = PBXVariantGroup;
			children = (
				EB1F5B592BD6BA1600A4294A /* Base */,
			);
			name = MainInterface.storyboard;
			sourceTree = "<group>";
		};
/* End PBXVariantGroup section */

/* Begin XCBuildConfiguration section */
		EB1F5B462BD6A9DF00A4294A /* Debug */ = {
			isa = XCBuildConfiguration;
			buildSettings = {
				ALWAYS_SEARCH_USER_PATHS = NO;
				ASSETCATALOG_COMPILER_GENERATE_SWIFT_ASSET_SYMBOL_EXTENSIONS = YES;
				CLANG_ANALYZER_NONNULL = YES;
				CLANG_ANALYZER_NUMBER_OBJECT_CONVERSION = YES_AGGRESSIVE;
				CLANG_CXX_LANGUAGE_STANDARD = "gnu++20";
				CLANG_ENABLE_MODULES = YES;
				CLANG_ENABLE_OBJC_ARC = YES;
				CLANG_ENABLE_OBJC_WEAK = YES;
				CLANG_WARN_BLOCK_CAPTURE_AUTORELEASING = YES;
				CLANG_WARN_BOOL_CONVERSION = YES;
				CLANG_WARN_COMMA = YES;
				CLANG_WARN_CONSTANT_CONVERSION = YES;
				CLANG_WARN_DEPRECATED_OBJC_IMPLEMENTATIONS = YES;
				CLANG_WARN_DIRECT_OBJC_ISA_USAGE = YES_ERROR;
				CLANG_WARN_DOCUMENTATION_COMMENTS = YES;
				CLANG_WARN_EMPTY_BODY = YES;
				CLANG_WARN_ENUM_CONVERSION = YES;
				CLANG_WARN_INFINITE_RECURSION = YES;
				CLANG_WARN_INT_CONVERSION = YES;
				CLANG_WARN_NON_LITERAL_NULL_CONVERSION = YES;
				CLANG_WARN_OBJC_IMPLICIT_RETAIN_SELF = YES;
				CLANG_WARN_OBJC_LITERAL_CONVERSION = YES;
				CLANG_WARN_OBJC_ROOT_CLASS = YES_ERROR;
				CLANG_WARN_QUOTED_INCLUDE_IN_FRAMEWORK_HEADER = YES;
				CLANG_WARN_RANGE_LOOP_ANALYSIS = YES;
				CLANG_WARN_STRICT_PROTOTYPES = YES;
				CLANG_WARN_SUSPICIOUS_MOVE = YES;
				CLANG_WARN_UNGUARDED_AVAILABILITY = YES_AGGRESSIVE;
				CLANG_WARN_UNREACHABLE_CODE = YES;
				CLANG_WARN__DUPLICATE_METHOD_MATCH = YES;
				COPY_PHASE_STRIP = NO;
				DEBUG_INFORMATION_FORMAT = dwarf;
				ENABLE_STRICT_OBJC_MSGSEND = YES;
				ENABLE_TESTABILITY = YES;
				ENABLE_USER_SCRIPT_SANDBOXING = YES;
				GCC_C_LANGUAGE_STANDARD = gnu17;
				GCC_DYNAMIC_NO_PIC = NO;
				GCC_NO_COMMON_BLOCKS = YES;
				GCC_OPTIMIZATION_LEVEL = 0;
				GCC_PREPROCESSOR_DEFINITIONS = (
					"DEBUG=1",
					"$(inherited)",
				);
				GCC_WARN_64_TO_32_BIT_CONVERSION = YES;
				GCC_WARN_ABOUT_RETURN_TYPE = YES_ERROR;
				GCC_WARN_UNDECLARED_SELECTOR = YES;
				GCC_WARN_UNINITIALIZED_AUTOS = YES_AGGRESSIVE;
				GCC_WARN_UNUSED_FUNCTION = YES;
				GCC_WARN_UNUSED_VARIABLE = YES;
				IPHONEOS_DEPLOYMENT_TARGET = 17.4;
				LOCALIZATION_PREFERS_STRING_CATALOGS = YES;
				MTL_ENABLE_DEBUG_INFO = INCLUDE_SOURCE;
				MTL_FAST_MATH = YES;
				ONLY_ACTIVE_ARCH = YES;
				SDKROOT = iphoneos;
				SWIFT_ACTIVE_COMPILATION_CONDITIONS = "DEBUG $(inherited)";
				SWIFT_OPTIMIZATION_LEVEL = "-Onone";
			};
			name = Debug;
		};
		EB1F5B472BD6A9DF00A4294A /* Release */ = {
			isa = XCBuildConfiguration;
			buildSettings = {
				ALWAYS_SEARCH_USER_PATHS = NO;
				ASSETCATALOG_COMPILER_GENERATE_SWIFT_ASSET_SYMBOL_EXTENSIONS = YES;
				CLANG_ANALYZER_NONNULL = YES;
				CLANG_ANALYZER_NUMBER_OBJECT_CONVERSION = YES_AGGRESSIVE;
				CLANG_CXX_LANGUAGE_STANDARD = "gnu++20";
				CLANG_ENABLE_MODULES = YES;
				CLANG_ENABLE_OBJC_ARC = YES;
				CLANG_ENABLE_OBJC_WEAK = YES;
				CLANG_WARN_BLOCK_CAPTURE_AUTORELEASING = YES;
				CLANG_WARN_BOOL_CONVERSION = YES;
				CLANG_WARN_COMMA = YES;
				CLANG_WARN_CONSTANT_CONVERSION = YES;
				CLANG_WARN_DEPRECATED_OBJC_IMPLEMENTATIONS = YES;
				CLANG_WARN_DIRECT_OBJC_ISA_USAGE = YES_ERROR;
				CLANG_WARN_DOCUMENTATION_COMMENTS = YES;
				CLANG_WARN_EMPTY_BODY = YES;
				CLANG_WARN_ENUM_CONVERSION = YES;
				CLANG_WARN_INFINITE_RECURSION = YES;
				CLANG_WARN_INT_CONVERSION = YES;
				CLANG_WARN_NON_LITERAL_NULL_CONVERSION = YES;
				CLANG_WARN_OBJC_IMPLICIT_RETAIN_SELF = YES;
				CLANG_WARN_OBJC_LITERAL_CONVERSION = YES;
				CLANG_WARN_OBJC_ROOT_CLASS = YES_ERROR;
				CLANG_WARN_QUOTED_INCLUDE_IN_FRAMEWORK_HEADER = YES;
				CLANG_WARN_RANGE_LOOP_ANALYSIS = YES;
				CLANG_WARN_STRICT_PROTOTYPES = YES;
				CLANG_WARN_SUSPICIOUS_MOVE = YES;
				CLANG_WARN_UNGUARDED_AVAILABILITY = YES_AGGRESSIVE;
				CLANG_WARN_UNREACHABLE_CODE = YES;
				CLANG_WARN__DUPLICATE_METHOD_MATCH = YES;
				COPY_PHASE_STRIP = NO;
				DEBUG_INFORMATION_FORMAT = "dwarf-with-dsym";
				ENABLE_NS_ASSERTIONS = NO;
				ENABLE_STRICT_OBJC_MSGSEND = YES;
				ENABLE_USER_SCRIPT_SANDBOXING = YES;
				GCC_C_LANGUAGE_STANDARD = gnu17;
				GCC_NO_COMMON_BLOCKS = YES;
				GCC_WARN_64_TO_32_BIT_CONVERSION = YES;
				GCC_WARN_ABOUT_RETURN_TYPE = YES_ERROR;
				GCC_WARN_UNDECLARED_SELECTOR = YES;
				GCC_WARN_UNINITIALIZED_AUTOS = YES_AGGRESSIVE;
				GCC_WARN_UNUSED_FUNCTION = YES;
				GCC_WARN_UNUSED_VARIABLE = YES;
				IPHONEOS_DEPLOYMENT_TARGET = 17.4;
				LOCALIZATION_PREFERS_STRING_CATALOGS = YES;
				MTL_ENABLE_DEBUG_INFO = NO;
				MTL_FAST_MATH = YES;
				SDKROOT = iphoneos;
				SWIFT_COMPILATION_MODE = wholemodule;
				VALIDATE_PRODUCT = YES;
			};
			name = Release;
		};
		EB1F5B492BD6A9DF00A4294A /* Debug */ = {
			isa = XCBuildConfiguration;
			buildSettings = {
				ALWAYS_EMBED_SWIFT_STANDARD_LIBRARIES = YES;
				ASSETCATALOG_COMPILER_APPICON_NAME = AppIcon;
				ASSETCATALOG_COMPILER_GLOBAL_ACCENT_COLOR_NAME = AccentColor;
				CODE_SIGN_STYLE = Automatic;
				CURRENT_PROJECT_VERSION = 1;
				GENERATE_INFOPLIST_FILE = YES;
				INFOPLIST_FILE = Project19/Info.plist;
				INFOPLIST_KEY_UIApplicationSupportsIndirectInputEvents = YES;
				INFOPLIST_KEY_UILaunchStoryboardName = LaunchScreen;
				INFOPLIST_KEY_UIMainStoryboardFile = Main;
				INFOPLIST_KEY_UISupportedInterfaceOrientations_iPad = "UIInterfaceOrientationPortrait UIInterfaceOrientationPortraitUpsideDown UIInterfaceOrientationLandscapeLeft UIInterfaceOrientationLandscapeRight";
				INFOPLIST_KEY_UISupportedInterfaceOrientations_iPhone = "UIInterfaceOrientationPortrait UIInterfaceOrientationLandscapeLeft UIInterfaceOrientationLandscapeRight";
				LD_RUNPATH_SEARCH_PATHS = (
					"$(inherited)",
					"@executable_path/Frameworks",
				);
				MARKETING_VERSION = 1.0;
				PRODUCT_BUNDLE_IDENTIFIER = com.example.Project19;
				PRODUCT_NAME = "$(TARGET_NAME)";
				SUPPORTED_PLATFORMS = "iphoneos iphonesimulator";
				SUPPORTS_MACCATALYST = NO;
				SUPPORTS_MAC_DESIGNED_FOR_IPHONE_IPAD = NO;
				SUPPORTS_XR_DESIGNED_FOR_IPHONE_IPAD = NO;
				SWIFT_EMIT_LOC_STRINGS = YES;
				SWIFT_VERSION = 5.0;
				TARGETED_DEVICE_FAMILY = "1,2";
			};
			name = Debug;
		};
		EB1F5B4A2BD6A9DF00A4294A /* Release */ = {
			isa = XCBuildConfiguration;
			buildSettings = {
				ALWAYS_EMBED_SWIFT_STANDARD_LIBRARIES = YES;
				ASSETCATALOG_COMPILER_APPICON_NAME = AppIcon;
				ASSETCATALOG_COMPILER_GLOBAL_ACCENT_COLOR_NAME = AccentColor;
				CODE_SIGN_STYLE = Automatic;
				CURRENT_PROJECT_VERSION = 1;
				GENERATE_INFOPLIST_FILE = YES;
				INFOPLIST_FILE = Project19/Info.plist;
				INFOPLIST_KEY_UIApplicationSupportsIndirectInputEvents = YES;
				INFOPLIST_KEY_UILaunchStoryboardName = LaunchScreen;
				INFOPLIST_KEY_UIMainStoryboardFile = Main;
				INFOPLIST_KEY_UISupportedInterfaceOrientations_iPad = "UIInterfaceOrientationPortrait UIInterfaceOrientationPortraitUpsideDown UIInterfaceOrientationLandscapeLeft UIInterfaceOrientationLandscapeRight";
				INFOPLIST_KEY_UISupportedInterfaceOrientations_iPhone = "UIInterfaceOrientationPortrait UIInterfaceOrientationLandscapeLeft UIInterfaceOrientationLandscapeRight";
				LD_RUNPATH_SEARCH_PATHS = (
					"$(inherited)",
					"@executable_path/Frameworks",
				);
				MARKETING_VERSION = 1.0;
				PRODUCT_BUNDLE_IDENTIFIER = com.example.Project19;
				PRODUCT_NAME = "$(TARGET_NAME)";
				SUPPORTED_PLATFORMS = "iphoneos iphonesimulator";
				SUPPORTS_MACCATALYST = NO;
				SUPPORTS_MAC_DESIGNED_FOR_IPHONE_IPAD = NO;
				SUPPORTS_XR_DESIGNED_FOR_IPHONE_IPAD = NO;
				SWIFT_EMIT_LOC_STRINGS = YES;
				SWIFT_VERSION = 5.0;
				TARGETED_DEVICE_FAMILY = "1,2";
			};
			name = Release;
		};
		EB1F5B602BD6BA1600A4294A /* Debug */ = {
			isa = XCBuildConfiguration;
			buildSettings = {
				CODE_SIGN_STYLE = Automatic;
				CURRENT_PROJECT_VERSION = 1;
				GENERATE_INFOPLIST_FILE = YES;
				INFOPLIST_FILE = Extension/Info.plist;
				INFOPLIST_KEY_CFBundleDisplayName = Extension;
				INFOPLIST_KEY_NSHumanReadableCopyright = "";
				LD_RUNPATH_SEARCH_PATHS = (
					"$(inherited)",
					"@executable_path/Frameworks",
					"@executable_path/../../Frameworks",
				);
				MARKETING_VERSION = 1.0;
				PRODUCT_BUNDLE_IDENTIFIER = com.example.Project19.Extension;
				PRODUCT_NAME = "$(TARGET_NAME)";
				SKIP_INSTALL = YES;
				SWIFT_EMIT_LOC_STRINGS = YES;
				SWIFT_VERSION = 5.0;
				TARGETED_DEVICE_FAMILY = "1,2";
			};
			name = Debug;
		};
		EB1F5B612BD6BA1600A4294A /* Release */ = {
			isa = XCBuildConfiguration;
			buildSettings = {
				CODE_SIGN_STYLE = Automatic;
				CURRENT_PROJECT_VERSION = 1;
				GENERATE_INFOPLIST_FILE = YES;
				INFOPLIST_FILE = Extension/Info.plist;
				INFOPLIST_KEY_CFBundleDisplayName = Extension;
				INFOPLIST_KEY_NSHumanReadableCopyright = "";
				LD_RUNPATH_SEARCH_PATHS = (
					"$(inherited)",
					"@executable_path/Frameworks",
					"@executable_path/../../Frameworks",
				);
				MARKETING_VERSION = 1.0;
				PRODUCT_BUNDLE_IDENTIFIER = com.example.Project19.Extension;
				PRODUCT_NAME = "$(TARGET_NAME)";
				SKIP_INSTALL = YES;
				SWIFT_EMIT_LOC_STRINGS = YES;
				SWIFT_VERSION = 5.0;
				TARGETED_DEVICE_FAMILY = "1,2";
			};
			name = Release;
		};
/* End XCBuildConfiguration section */

/* Begin XCConfigurationList section */
		EB1F5B2F2BD6A9DD00A4294A /* Build configuration list for PBXProject "Project19" */ = {
			isa = XCConfigurationList;
			buildConfigurations = (
				EB1F5B462BD6A9DF00A4294A /* Debug */,
				EB1F5B472BD6A9DF00A4294A /* Release */,
			);
			defaultConfigurationIsVisible = 0;
			defaultConfigurationName = Release;
		};
		EB1F5B482BD6A9DF00A4294A /* Build configuration list for PBXNativeTarget "Project19" */ = {
			isa = XCConfigurationList;
			buildConfigurations = (
				EB1F5B492BD6A9DF00A4294A /* Debug */,
				EB1F5B4A2BD6A9DF00A4294A /* Release */,
			);
			defaultConfigurationIsVisible = 0;
			defaultConfigurationName = Release;
		};
		EB1F5B5F2BD6BA1600A4294A /* Build configuration list for PBXNativeTarget "Extension" */ = {
			isa = XCConfigurationList;
			buildConfigurations = (
				EB1F5B602BD6BA1600A4294A /* Debug */,
				EB1F5B612BD6BA1600A4294A /* Release */,
			);
			defaultConfigurationIsVisible = 0;
			defaultConfigurationName = Release;
		};
/* End XCConfigurationList section */
	};
	rootObject = EB1F5B2C2BD6A9DD00A4294A /* Project object */;
}
